
Microsoft Visual Studio Solution File, Format Version 12.00
# Visual Studio Version 17
VisualStudioVersion = 17.9.34728.123
MinimumVisualStudioVersion = 10.0.40219.1
Project("{9A19103F-16F7-4668-BE54-9A1E7A4F7556}") = "StudentRecruitment.Domain", "StudentRecruitment.Domain\StudentRecruitment.Domain.csproj", "{CF264365-1BE8-4310-A990-3138A94AF978}"
EndProject
Project("{9A19103F-16F7-4668-BE54-9A1E7A4F7556}") = "StudentRecruitment.Api", "StudentRecruitment.Api\StudentRecruitment.Api.csproj", "{6A155A26-2DB2-4ADE-9E48-A036A38D5777}"
EndProject
Project("{FAE04EC0-301F-11D3-BF4B-00C04F79EFBC}") = "StudentRecruitment.DAL", "StudentRecruitment.DAL\StudentRecruitment.DAL.csproj", "{D3B477F9-31D5-4727-AEFB-E6DF951BD3C8}"
EndProject
Project("{FAE04EC0-301F-11D3-BF4B-00C04F79EFBC}") = "StudentRecruitment.BLL", "StudentRecruitment.BLL\StudentRecruitment.BLL.csproj", "{1BE9CC63-1F60-4C81-A77F-32CAA20EA2A5}"
EndProject
Project("{FAE04EC0-301F-11D3-BF4B-00C04F79EFBC}") = "StudentRecruitment.Presentation", "StudentRecruitment.Presentation\StudentRecruitment.Presentation.csproj", "{1E4215D2-42A4-4DE8-893E-67F0C260246E}"
EndProject
Global
	GlobalSection(SolutionConfigurationPlatforms) = preSolution
		Debug|Any CPU = Debug|Any CPU
		Release|Any CPU = Release|Any CPU
	EndGlobalSection
	GlobalSection(ProjectConfigurationPlatforms) = postSolution
		{CF264365-1BE8-4310-A990-3138A94AF978}.Debug|Any CPU.ActiveCfg = Debug|Any CPU
		{CF264365-1BE8-4310-A990-3138A94AF978}.Debug|Any CPU.Build.0 = Debug|Any CPU
		{CF264365-1BE8-4310-A990-3138A94AF978}.Release|Any CPU.ActiveCfg = Release|Any CPU
		{CF264365-1BE8-4310-A990-3138A94AF978}.Release|Any CPU.Build.0 = Release|Any CPU
		{6A155A26-2DB2-4ADE-9E48-A036A38D5777}.Debug|Any CPU.ActiveCfg = Debug|Any CPU
		{6A155A26-2DB2-4ADE-9E48-A036A38D5777}.Debug|Any CPU.Build.0 = Debug|Any CPU
		{6A155A26-2DB2-4ADE-9E48-A036A38D5777}.Release|Any CPU.ActiveCfg = Release|Any CPU
		{6A155A26-2DB2-4ADE-9E48-A036A38D5777}.Release|Any CPU.Build.0 = Release|Any CPU
		{D3B477F9-31D5-4727-AEFB-E6DF951BD3C8}.Debug|Any CPU.ActiveCfg = Debug|Any CPU
		{D3B477F9-31D5-4727-AEFB-E6DF951BD3C8}.Debug|Any CPU.Build.0 = Debug|Any CPU
		{D3B477F9-31D5-4727-AEFB-E6DF951BD3C8}.Release|Any CPU.ActiveCfg = Release|Any CPU
		{D3B477F9-31D5-4727-AEFB-E6DF951BD3C8}.Release|Any CPU.Build.0 = Release|Any CPU
		{1BE9CC63-1F60-4C81-A77F-32CAA20EA2A5}.Debug|Any CPU.ActiveCfg = Debug|Any CPU
		{1BE9CC63-1F60-4C81-A77F-32CAA20EA2A5}.Debug|Any CPU.Build.0 = Debug|Any CPU
		{1BE9CC63-1F60-4C81-A77F-32CAA20EA2A5}.Release|Any CPU.ActiveCfg = Release|Any CPU
		{1BE9CC63-1F60-4C81-A77F-32CAA20EA2A5}.Release|Any CPU.Build.0 = Release|Any CPU
		{1E4215D2-42A4-4DE8-893E-67F0C260246E}.Debug|Any CPU.ActiveCfg = Debug|Any CPU
		{1E4215D2-42A4-4DE8-893E-67F0C260246E}.Debug|Any CPU.Build.0 = Debug|Any CPU
		{1E4215D2-42A4-4DE8-893E-67F0C260246E}.Release|Any CPU.ActiveCfg = Release|Any CPU
		{1E4215D2-42A4-4DE8-893E-67F0C260246E}.Release|Any CPU.Build.0 = Release|Any CPU
	EndGlobalSection
	GlobalSection(SolutionProperties) = preSolution
		HideSolutionNode = FALSE
	EndGlobalSection
	GlobalSection(ExtensibilityGlobals) = postSolution
		SolutionGuid = {F9C6788B-D443-4054-9D9D-60CE4375168E}
	EndGlobalSection
EndGlobal
